// !$*UTF8*$!
{
	archiveVersion = 1;
	classes = {
	};
	objectVersion = 55;
	objects = {

/* Begin PBXBuildFile section */
		7E3A79F228B6BE2500B41DC7 /* AnimalListItemView.swift in Sources */ = {isa = PBXBuildFile; fileRef = 7E3A79F128B6BE2500B41DC7 /* AnimalListItemView.swift */; };
		7E3A79F428B6BF4400B41DC7 /* AnimalModel.swift in Sources */ = {isa = PBXBuildFile; fileRef = 7E3A79F328B6BF4400B41DC7 /* AnimalModel.swift */; };
		7E3A79F628B6C1AC00B41DC7 /* AnimalDetailView.swift in Sources */ = {isa = PBXBuildFile; fileRef = 7E3A79F528B6C1AC00B41DC7 /* AnimalDetailView.swift */; };
		7E3A79F828B6C38100B41DC7 /* HeadingView.swift in Sources */ = {isa = PBXBuildFile; fileRef = 7E3A79F728B6C38100B41DC7 /* HeadingView.swift */; };
		7E3A79FA28B6C51500B41DC7 /* InsetGalleryView.swift in Sources */ = {isa = PBXBuildFile; fileRef = 7E3A79F928B6C51500B41DC7 /* InsetGalleryView.swift */; };
		7E3A79FC28B7AB5D00B41DC7 /* InsetFactView.swift in Sources */ = {isa = PBXBuildFile; fileRef = 7E3A79FB28B7AB5D00B41DC7 /* InsetFactView.swift */; };
		7E3A79FE28B7AD6200B41DC7 /* InsetMapView.swift in Sources */ = {isa = PBXBuildFile; fileRef = 7E3A79FD28B7AD6200B41DC7 /* InsetMapView.swift */; };
		7E3A7A0028B7B04600B41DC7 /* ExternalWebLinkView.swift in Sources */ = {isa = PBXBuildFile; fileRef = 7E3A79FF28B7B04600B41DC7 /* ExternalWebLinkView.swift */; };
		7E3A7A0228B7B20300B41DC7 /* VideoModel.swift in Sources */ = {isa = PBXBuildFile; fileRef = 7E3A7A0128B7B20300B41DC7 /* VideoModel.swift */; };
		7E3A7A0428B7B2AF00B41DC7 /* VideoListItemView.swift in Sources */ = {isa = PBXBuildFile; fileRef = 7E3A7A0328B7B2AF00B41DC7 /* VideoListItemView.swift */; };
		7E3A7A0628B7CC6F00B41DC7 /* VideoPlayerView.swift in Sources */ = {isa = PBXBuildFile; fileRef = 7E3A7A0528B7CC6F00B41DC7 /* VideoPlayerView.swift */; };
		7E3A7A0928B7CD7000B41DC7 /* VideoPlayerHelper.swift in Sources */ = {isa = PBXBuildFile; fileRef = 7E3A7A0828B7CD7000B41DC7 /* VideoPlayerHelper.swift */; };
		7E52BA0A28B67B58001D77E4 /* AfricaApp.swift in Sources */ = {isa = PBXBuildFile; fileRef = 7E52BA0928B67B58001D77E4 /* AfricaApp.swift */; };
		7E52BA0C28B67B58001D77E4 /* ContentView.swift in Sources */ = {isa = PBXBuildFile; fileRef = 7E52BA0B28B67B58001D77E4 /* ContentView.swift */; };
		7E52BA0E28B67B59001D77E4 /* Assets.xcassets in Resources */ = {isa = PBXBuildFile; fileRef = 7E52BA0D28B67B59001D77E4 /* Assets.xcassets */; };
		7E52BA1128B67B59001D77E4 /* Preview Assets.xcassets in Resources */ = {isa = PBXBuildFile; fileRef = 7E52BA1028B67B59001D77E4 /* Preview Assets.xcassets */; };
		7E52BA2728B67C7A001D77E4 /* locations.json in Resources */ = {isa = PBXBuildFile; fileRef = 7E52BA2328B67C7A001D77E4 /* locations.json */; };
		7E52BA2828B67C7A001D77E4 /* covers.json in Resources */ = {isa = PBXBuildFile; fileRef = 7E52BA2428B67C7A001D77E4 /* covers.json */; };
		7E52BA2928B67C7A001D77E4 /* animals.json in Resources */ = {isa = PBXBuildFile; fileRef = 7E52BA2528B67C7A001D77E4 /* animals.json */; };
		7E52BA2A28B67C7A001D77E4 /* videos.json in Resources */ = {isa = PBXBuildFile; fileRef = 7E52BA2628B67C7A001D77E4 /* videos.json */; };
		7E52BA2E28B67DA2001D77E4 /* VideoListView.swift in Sources */ = {isa = PBXBuildFile; fileRef = 7E52BA2D28B67DA2001D77E4 /* VideoListView.swift */; };
		7E52BA3028B67DBB001D77E4 /* MapView.swift in Sources */ = {isa = PBXBuildFile; fileRef = 7E52BA2F28B67DBB001D77E4 /* MapView.swift */; };
		7E52BA3228B67DCE001D77E4 /* GalleryView.swift in Sources */ = {isa = PBXBuildFile; fileRef = 7E52BA3128B67DCE001D77E4 /* GalleryView.swift */; };
		7E52BA3428B67DE5001D77E4 /* MainView.swift in Sources */ = {isa = PBXBuildFile; fileRef = 7E52BA3328B67DE5001D77E4 /* MainView.swift */; };
		7E52BA3728B68D2A001D77E4 /* CoverImageView.swift in Sources */ = {isa = PBXBuildFile; fileRef = 7E52BA3628B68D2A001D77E4 /* CoverImageView.swift */; };
		7E52BA3A28B6A9B9001D77E4 /* CoverImageModel.swift in Sources */ = {isa = PBXBuildFile; fileRef = 7E52BA3928B6A9B9001D77E4 /* CoverImageModel.swift */; };
		7E52BA3D28B6AA91001D77E4 /* CodableBundleExtension.swift in Sources */ = {isa = PBXBuildFile; fileRef = 7E52BA3C28B6AA91001D77E4 /* CodableBundleExtension.swift */; };
		7E60564628B7D4DF00F9D729 /* giraffe.mp4 in Resources */ = {isa = PBXBuildFile; fileRef = 7E60563C28B7D4DF00F9D729 /* giraffe.mp4 */; };
		7E60564728B7D4DF00F9D729 /* ostrich.mp4 in Resources */ = {isa = PBXBuildFile; fileRef = 7E60563D28B7D4DF00F9D729 /* ostrich.mp4 */; };
		7E60564828B7D4DF00F9D729 /* zebra.mp4 in Resources */ = {isa = PBXBuildFile; fileRef = 7E60563E28B7D4DF00F9D729 /* zebra.mp4 */; };
		7E60564928B7D4DF00F9D729 /* hippo.mp4 in Resources */ = {isa = PBXBuildFile; fileRef = 7E60563F28B7D4DF00F9D729 /* hippo.mp4 */; };
		7E60564A28B7D4DF00F9D729 /* cheetah.mp4 in Resources */ = {isa = PBXBuildFile; fileRef = 7E60564028B7D4DF00F9D729 /* cheetah.mp4 */; };
		7E60564B28B7D4DF00F9D729 /* gorilla.mp4 in Resources */ = {isa = PBXBuildFile; fileRef = 7E60564128B7D4DF00F9D729 /* gorilla.mp4 */; };
		7E60564C28B7D4DF00F9D729 /* elephant.mp4 in Resources */ = {isa = PBXBuildFile; fileRef = 7E60564228B7D4DF00F9D729 /* elephant.mp4 */; };
		7E60564D28B7D4DF00F9D729 /* lioness.mp4 in Resources */ = {isa = PBXBuildFile; fileRef = 7E60564328B7D4DF00F9D729 /* lioness.mp4 */; };
		7E60564E28B7D4DF00F9D729 /* lion.mp4 in Resources */ = {isa = PBXBuildFile; fileRef = 7E60564428B7D4DF00F9D729 /* lion.mp4 */; };
		7E60564F28B7D4DF00F9D729 /* rhino.mp4 in Resources */ = {isa = PBXBuildFile; fileRef = 7E60564528B7D4DF00F9D729 /* rhino.mp4 */; };
		7E60565128B7D56500F9D729 /* LocationModel.swift in Sources */ = {isa = PBXBuildFile; fileRef = 7E60565028B7D56500F9D729 /* LocationModel.swift */; };
		7E60565328B7D8D600F9D729 /* MapAnnotationView.swift in Sources */ = {isa = PBXBuildFile; fileRef = 7E60565228B7D8D600F9D729 /* MapAnnotationView.swift */; };
		7E60565528B7EF4900F9D729 /* MotionAnimationView.swift in Sources */ = {isa = PBXBuildFile; fileRef = 7E60565428B7EF4900F9D729 /* MotionAnimationView.swift */; };
		7E60565728B8065500F9D729 /* AnimalGridItemView.swift in Sources */ = {isa = PBXBuildFile; fileRef = 7E60565628B8065500F9D729 /* AnimalGridItemView.swift */; };
/* End PBXBuildFile section */

/* Begin PBXFileReference section */
		7E3A79F128B6BE2500B41DC7 /* AnimalListItemView.swift */ = {isa = PBXFileReference; lastKnownFileType = sourcecode.swift; path = AnimalListItemView.swift; sourceTree = "<group>"; };
		7E3A79F328B6BF4400B41DC7 /* AnimalModel.swift */ = {isa = PBXFileReference; lastKnownFileType = sourcecode.swift; path = AnimalModel.swift; sourceTree = "<group>"; };
		7E3A79F528B6C1AC00B41DC7 /* AnimalDetailView.swift */ = {isa = PBXFileReference; lastKnownFileType = sourcecode.swift; path = AnimalDetailView.swift; sourceTree = "<group>"; };
		7E3A79F728B6C38100B41DC7 /* HeadingView.swift */ = {isa = PBXFileReference; lastKnownFileType = sourcecode.swift; path = HeadingView.swift; sourceTree = "<group>"; };
		7E3A79F928B6C51500B41DC7 /* InsetGalleryView.swift */ = {isa = PBXFileReference; lastKnownFileType = sourcecode.swift; path = InsetGalleryView.swift; sourceTree = "<group>"; };
		7E3A79FB28B7AB5D00B41DC7 /* InsetFactView.swift */ = {isa = PBXFileReference; lastKnownFileType = sourcecode.swift; path = InsetFactView.swift; sourceTree = "<group>"; };
		7E3A79FD28B7AD6200B41DC7 /* InsetMapView.swift */ = {isa = PBXFileReference; lastKnownFileType = sourcecode.swift; path = InsetMapView.swift; sourceTree = "<group>"; };
		7E3A79FF28B7B04600B41DC7 /* ExternalWebLinkView.swift */ = {isa = PBXFileReference; lastKnownFileType = sourcecode.swift; path = ExternalWebLinkView.swift; sourceTree = "<group>"; };
		7E3A7A0128B7B20300B41DC7 /* VideoModel.swift */ = {isa = PBXFileReference; lastKnownFileType = sourcecode.swift; path = VideoModel.swift; sourceTree = "<group>"; };
		7E3A7A0328B7B2AF00B41DC7 /* VideoListItemView.swift */ = {isa = PBXFileReference; lastKnownFileType = sourcecode.swift; path = VideoListItemView.swift; sourceTree = "<group>"; };
		7E3A7A0528B7CC6F00B41DC7 /* VideoPlayerView.swift */ = {isa = PBXFileReference; lastKnownFileType = sourcecode.swift; path = VideoPlayerView.swift; sourceTree = "<group>"; };
		7E3A7A0828B7CD7000B41DC7 /* VideoPlayerHelper.swift */ = {isa = PBXFileReference; lastKnownFileType = sourcecode.swift; path = VideoPlayerHelper.swift; sourceTree = "<group>"; };
		7E52BA0628B67B58001D77E4 /* Africa.app */ = {isa = PBXFileReference; explicitFileType = wrapper.application; includeInIndex = 0; path = Africa.app; sourceTree = BUILT_PRODUCTS_DIR; };
		7E52BA0928B67B58001D77E4 /* AfricaApp.swift */ = {isa = PBXFileReference; lastKnownFileType = sourcecode.swift; path = AfricaApp.swift; sourceTree = "<group>"; };
		7E52BA0B28B67B58001D77E4 /* ContentView.swift */ = {isa = PBXFileReference; lastKnownFileType = sourcecode.swift; path = ContentView.swift; sourceTree = "<group>"; };
		7E52BA0D28B67B59001D77E4 /* Assets.xcassets */ = {isa = PBXFileReference; lastKnownFileType = folder.assetcatalog; path = Assets.xcassets; sourceTree = "<group>"; };
		7E52BA1028B67B59001D77E4 /* Preview Assets.xcassets */ = {isa = PBXFileReference; lastKnownFileType = folder.assetcatalog; path = "Preview Assets.xcassets"; sourceTree = "<group>"; };
		7E52BA2328B67C7A001D77E4 /* locations.json */ = {isa = PBXFileReference; fileEncoding = 4; lastKnownFileType = text.json; path = locations.json; sourceTree = "<group>"; };
		7E52BA2428B67C7A001D77E4 /* covers.json */ = {isa = PBXFileReference; fileEncoding = 4; lastKnownFileType = text.json; path = covers.json; sourceTree = "<group>"; };
		7E52BA2528B67C7A001D77E4 /* animals.json */ = {isa = PBXFileReference; fileEncoding = 4; lastKnownFileType = text.json; path = animals.json; sourceTree = "<group>"; };
		7E52BA2628B67C7A001D77E4 /* videos.json */ = {isa = PBXFileReference; fileEncoding = 4; lastKnownFileType = text.json; path = videos.json; sourceTree = "<group>"; };
		7E52BA2B28B67CBB001D77E4 /* Info.plist */ = {isa = PBXFileReference; lastKnownFileType = text.plist; path = Info.plist; sourceTree = "<group>"; };
		7E52BA2D28B67DA2001D77E4 /* VideoListView.swift */ = {isa = PBXFileReference; lastKnownFileType = sourcecode.swift; path = VideoListView.swift; sourceTree = "<group>"; };
		7E52BA2F28B67DBB001D77E4 /* MapView.swift */ = {isa = PBXFileReference; lastKnownFileType = sourcecode.swift; path = MapView.swift; sourceTree = "<group>"; };
		7E52BA3128B67DCE001D77E4 /* GalleryView.swift */ = {isa = PBXFileReference; lastKnownFileType = sourcecode.swift; path = GalleryView.swift; sourceTree = "<group>"; };
		7E52BA3328B67DE5001D77E4 /* MainView.swift */ = {isa = PBXFileReference; lastKnownFileType = sourcecode.swift; path = MainView.swift; sourceTree = "<group>"; };
		7E52BA3628B68D2A001D77E4 /* CoverImageView.swift */ = {isa = PBXFileReference; lastKnownFileType = sourcecode.swift; path = CoverImageView.swift; sourceTree = "<group>"; };
		7E52BA3928B6A9B9001D77E4 /* CoverImageModel.swift */ = {isa = PBXFileReference; lastKnownFileType = sourcecode.swift; path = CoverImageModel.swift; sourceTree = "<group>"; };
		7E52BA3C28B6AA91001D77E4 /* CodableBundleExtension.swift */ = {isa = PBXFileReference; lastKnownFileType = sourcecode.swift; path = CodableBundleExtension.swift; sourceTree = "<group>"; };
		7E60563C28B7D4DF00F9D729 /* giraffe.mp4 */ = {isa = PBXFileReference; lastKnownFileType = file; path = giraffe.mp4; sourceTree = "<group>"; };
		7E60563D28B7D4DF00F9D729 /* ostrich.mp4 */ = {isa = PBXFileReference; lastKnownFileType = file; path = ostrich.mp4; sourceTree = "<group>"; };
		7E60563E28B7D4DF00F9D729 /* zebra.mp4 */ = {isa = PBXFileReference; lastKnownFileType = file; path = zebra.mp4; sourceTree = "<group>"; };
		7E60563F28B7D4DF00F9D729 /* hippo.mp4 */ = {isa = PBXFileReference; lastKnownFileType = file; path = hippo.mp4; sourceTree = "<group>"; };
		7E60564028B7D4DF00F9D729 /* cheetah.mp4 */ = {isa = PBXFileReference; lastKnownFileType = file; path = cheetah.mp4; sourceTree = "<group>"; };
		7E60564128B7D4DF00F9D729 /* gorilla.mp4 */ = {isa = PBXFileReference; lastKnownFileType = file; path = gorilla.mp4; sourceTree = "<group>"; };
		7E60564228B7D4DF00F9D729 /* elephant.mp4 */ = {isa = PBXFileReference; lastKnownFileType = file; path = elephant.mp4; sourceTree = "<group>"; };
		7E60564328B7D4DF00F9D729 /* lioness.mp4 */ = {isa = PBXFileReference; lastKnownFileType = file; path = lioness.mp4; sourceTree = "<group>"; };
		7E60564428B7D4DF00F9D729 /* lion.mp4 */ = {isa = PBXFileReference; lastKnownFileType = file; path = lion.mp4; sourceTree = "<group>"; };
		7E60564528B7D4DF00F9D729 /* rhino.mp4 */ = {isa = PBXFileReference; lastKnownFileType = file; path = rhino.mp4; sourceTree = "<group>"; };
		7E60565028B7D56500F9D729 /* LocationModel.swift */ = {isa = PBXFileReference; lastKnownFileType = sourcecode.swift; path = LocationModel.swift; sourceTree = "<group>"; };
		7E60565228B7D8D600F9D729 /* MapAnnotationView.swift */ = {isa = PBXFileReference; lastKnownFileType = sourcecode.swift; path = MapAnnotationView.swift; sourceTree = "<group>"; };
		7E60565428B7EF4900F9D729 /* MotionAnimationView.swift */ = {isa = PBXFileReference; lastKnownFileType = sourcecode.swift; path = MotionAnimationView.swift; sourceTree = "<group>"; };
		7E60565628B8065500F9D729 /* AnimalGridItemView.swift */ = {isa = PBXFileReference; lastKnownFileType = sourcecode.swift; path = AnimalGridItemView.swift; sourceTree = "<group>"; };
/* End PBXFileReference section */

/* Begin PBXFrameworksBuildPhase section */
		7E52BA0328B67B58001D77E4 /* Frameworks */ = {
			isa = PBXFrameworksBuildPhase;
			buildActionMask = 2147483647;
			files = (
			);
			runOnlyForDeploymentPostprocessing = 0;
		};
/* End PBXFrameworksBuildPhase section */

/* Begin PBXGroup section */
		7E3A7A0728B7CD5C00B41DC7 /* Helper */ = {
			isa = PBXGroup;
			children = (
				7E3A7A0828B7CD7000B41DC7 /* VideoPlayerHelper.swift */,
			);
			path = Helper;
			sourceTree = "<group>";
		};
		7E52B9FD28B67B58001D77E4 = {
			isa = PBXGroup;
			children = (
				7E52BA0828B67B58001D77E4 /* Africa */,
				7E52BA0728B67B58001D77E4 /* Products */,
			);
			sourceTree = "<group>";
		};
		7E52BA0728B67B58001D77E4 /* Products */ = {
			isa = PBXGroup;
			children = (
				7E52BA0628B67B58001D77E4 /* Africa.app */,
			);
			name = Products;
			sourceTree = "<group>";
		};
		7E52BA0828B67B58001D77E4 /* Africa */ = {
			isa = PBXGroup;
			children = (
				7E52BA2C28B67D65001D77E4 /* App */,
				7E52BA3828B6A9A7001D77E4 /* Model */,
				7E52BA3528B68D19001D77E4 /* View */,
				7E3A7A0728B7CD5C00B41DC7 /* Helper */,
				7E60563B28B7D4DF00F9D729 /* Video */,
				7E52BA3B28B6AA7E001D77E4 /* Extension */,
				7E52BA2228B67C6C001D77E4 /* Data */,
				7E52BA2B28B67CBB001D77E4 /* Info.plist */,
				7E52BA0D28B67B59001D77E4 /* Assets.xcassets */,
				7E52BA0F28B67B59001D77E4 /* Preview Content */,
			);
			path = Africa;
			sourceTree = "<group>";
		};
		7E52BA0F28B67B59001D77E4 /* Preview Content */ = {
			isa = PBXGroup;
			children = (
				7E52BA1028B67B59001D77E4 /* Preview Assets.xcassets */,
			);
			path = "Preview Content";
			sourceTree = "<group>";
		};
		7E52BA2228B67C6C001D77E4 /* Data */ = {
			isa = PBXGroup;
			children = (
				7E52BA2528B67C7A001D77E4 /* animals.json */,
				7E52BA2428B67C7A001D77E4 /* covers.json */,
				7E52BA2328B67C7A001D77E4 /* locations.json */,
				7E52BA2628B67C7A001D77E4 /* videos.json */,
			);
			path = Data;
			sourceTree = "<group>";
		};
		7E52BA2C28B67D65001D77E4 /* App */ = {
			isa = PBXGroup;
			children = (
				7E52BA0928B67B58001D77E4 /* AfricaApp.swift */,
				7E52BA0B28B67B58001D77E4 /* ContentView.swift */,
				7E52BA2D28B67DA2001D77E4 /* VideoListView.swift */,
				7E52BA2F28B67DBB001D77E4 /* MapView.swift */,
				7E52BA3128B67DCE001D77E4 /* GalleryView.swift */,
				7E52BA3328B67DE5001D77E4 /* MainView.swift */,
			);
			path = App;
			sourceTree = "<group>";
		};
		7E52BA3528B68D19001D77E4 /* View */ = {
			isa = PBXGroup;
			children = (
				7E52BA3628B68D2A001D77E4 /* CoverImageView.swift */,
				7E3A79F128B6BE2500B41DC7 /* AnimalListItemView.swift */,
				7E3A79F528B6C1AC00B41DC7 /* AnimalDetailView.swift */,
				7E3A79F728B6C38100B41DC7 /* HeadingView.swift */,
				7E3A79F928B6C51500B41DC7 /* InsetGalleryView.swift */,
				7E3A79FB28B7AB5D00B41DC7 /* InsetFactView.swift */,
				7E3A79FD28B7AD6200B41DC7 /* InsetMapView.swift */,
				7E3A79FF28B7B04600B41DC7 /* ExternalWebLinkView.swift */,
				7E3A7A0328B7B2AF00B41DC7 /* VideoListItemView.swift */,
				7E3A7A0528B7CC6F00B41DC7 /* VideoPlayerView.swift */,
				7E60565228B7D8D600F9D729 /* MapAnnotationView.swift */,
				7E60565428B7EF4900F9D729 /* MotionAnimationView.swift */,
				7E60565628B8065500F9D729 /* AnimalGridItemView.swift */,
			);
			path = View;
			sourceTree = "<group>";
		};
		7E52BA3828B6A9A7001D77E4 /* Model */ = {
			isa = PBXGroup;
			children = (
				7E52BA3928B6A9B9001D77E4 /* CoverImageModel.swift */,
				7E3A79F328B6BF4400B41DC7 /* AnimalModel.swift */,
				7E3A7A0128B7B20300B41DC7 /* VideoModel.swift */,
				7E60565028B7D56500F9D729 /* LocationModel.swift */,
			);
			path = Model;
			sourceTree = "<group>";
		};
		7E52BA3B28B6AA7E001D77E4 /* Extension */ = {
			isa = PBXGroup;
			children = (
				7E52BA3C28B6AA91001D77E4 /* CodableBundleExtension.swift */,
			);
			path = Extension;
			sourceTree = "<group>";
		};
		7E60563B28B7D4DF00F9D729 /* Video */ = {
			isa = PBXGroup;
			children = (
				7E60563C28B7D4DF00F9D729 /* giraffe.mp4 */,
				7E60563D28B7D4DF00F9D729 /* ostrich.mp4 */,
				7E60563E28B7D4DF00F9D729 /* zebra.mp4 */,
				7E60563F28B7D4DF00F9D729 /* hippo.mp4 */,
				7E60564028B7D4DF00F9D729 /* cheetah.mp4 */,
				7E60564128B7D4DF00F9D729 /* gorilla.mp4 */,
				7E60564228B7D4DF00F9D729 /* elephant.mp4 */,
				7E60564328B7D4DF00F9D729 /* lioness.mp4 */,
				7E60564428B7D4DF00F9D729 /* lion.mp4 */,
				7E60564528B7D4DF00F9D729 /* rhino.mp4 */,
			);
			path = Video;
			sourceTree = "<group>";
		};
/* End PBXGroup section */

/* Begin PBXNativeTarget section */
		7E52BA0528B67B58001D77E4 /* Africa */ = {
			isa = PBXNativeTarget;
			buildConfigurationList = 7E52BA1428B67B59001D77E4 /* Build configuration list for PBXNativeTarget "Africa" */;
			buildPhases = (
				7E52BA0228B67B58001D77E4 /* Sources */,
				7E52BA0328B67B58001D77E4 /* Frameworks */,
				7E52BA0428B67B58001D77E4 /* Resources */,
			);
			buildRules = (
			);
			dependencies = (
			);
			name = Africa;
			productName = Africa;
			productReference = 7E52BA0628B67B58001D77E4 /* Africa.app */;
			productType = "com.apple.product-type.application";
		};
/* End PBXNativeTarget section */

/* Begin PBXProject section */
		7E52B9FE28B67B58001D77E4 /* Project object */ = {
			isa = PBXProject;
			attributes = {
				BuildIndependentTargetsInParallel = 1;
				LastSwiftUpdateCheck = 1340;
				LastUpgradeCheck = 1340;
				TargetAttributes = {
					7E52BA0528B67B58001D77E4 = {
						CreatedOnToolsVersion = 13.4.1;
					};
				};
			};
			buildConfigurationList = 7E52BA0128B67B58001D77E4 /* Build configuration list for PBXProject "Africa" */;
			compatibilityVersion = "Xcode 13.0";
			developmentRegion = en;
			hasScannedForEncodings = 0;
			knownRegions = (
				en,
				Base,
			);
			mainGroup = 7E52B9FD28B67B58001D77E4;
			productRefGroup = 7E52BA0728B67B58001D77E4 /* Products */;
			projectDirPath = "";
			projectRoot = "";
			targets = (
				7E52BA0528B67B58001D77E4 /* Africa */,
			);
		};
/* End PBXProject section */

/* Begin PBXResourcesBuildPhase section */
		7E52BA0428B67B58001D77E4 /* Resources */ = {
			isa = PBXResourcesBuildPhase;
			buildActionMask = 2147483647;
			files = (
				7E60564928B7D4DF00F9D729 /* hippo.mp4 in Resources */,
				7E52BA2928B67C7A001D77E4 /* animals.json in Resources */,
				7E52BA1128B67B59001D77E4 /* Preview Assets.xcassets in Resources */,
				7E52BA2828B67C7A001D77E4 /* covers.json in Resources */,
				7E60564B28B7D4DF00F9D729 /* gorilla.mp4 in Resources */,
				7E60564D28B7D4DF00F9D729 /* lioness.mp4 in Resources */,
				7E60564C28B7D4DF00F9D729 /* elephant.mp4 in Resources */,
				7E52BA2728B67C7A001D77E4 /* locations.json in Resources */,
				7E60564F28B7D4DF00F9D729 /* rhino.mp4 in Resources */,
				7E52BA0E28B67B59001D77E4 /* Assets.xcassets in Resources */,
				7E60564628B7D4DF00F9D729 /* giraffe.mp4 in Resources */,
				7E60564728B7D4DF00F9D729 /* ostrich.mp4 in Resources */,
				7E60564828B7D4DF00F9D729 /* zebra.mp4 in Resources */,
				7E52BA2A28B67C7A001D77E4 /* videos.json in Resources */,
				7E60564E28B7D4DF00F9D729 /* lion.mp4 in Resources */,
				7E60564A28B7D4DF00F9D729 /* cheetah.mp4 in Resources */,
			);
			runOnlyForDeploymentPostprocessing = 0;
		};
/* End PBXResourcesBuildPhase section */

/* Begin PBXSourcesBuildPhase section */
		7E52BA0228B67B58001D77E4 /* Sources */ = {
			isa = PBXSourcesBuildPhase;
			buildActionMask = 2147483647;
			files = (
				7E3A7A0428B7B2AF00B41DC7 /* VideoListItemView.swift in Sources */,
				7E52BA0C28B67B58001D77E4 /* ContentView.swift in Sources */,
				7E3A79F228B6BE2500B41DC7 /* AnimalListItemView.swift in Sources */,
				7E52BA3428B67DE5001D77E4 /* MainView.swift in Sources */,
				7E52BA3728B68D2A001D77E4 /* CoverImageView.swift in Sources */,
				7E52BA3A28B6A9B9001D77E4 /* CoverImageModel.swift in Sources */,
				7E3A79F628B6C1AC00B41DC7 /* AnimalDetailView.swift in Sources */,
				7E3A79F428B6BF4400B41DC7 /* AnimalModel.swift in Sources */,
				7E52BA3028B67DBB001D77E4 /* MapView.swift in Sources */,
				7E52BA0A28B67B58001D77E4 /* AfricaApp.swift in Sources */,
				7E3A7A0928B7CD7000B41DC7 /* VideoPlayerHelper.swift in Sources */,
				7E3A79FE28B7AD6200B41DC7 /* InsetMapView.swift in Sources */,
				7E3A79FC28B7AB5D00B41DC7 /* InsetFactView.swift in Sources */,
				7E60565328B7D8D600F9D729 /* MapAnnotationView.swift in Sources */,
				7E3A7A0028B7B04600B41DC7 /* ExternalWebLinkView.swift in Sources */,
				7E52BA2E28B67DA2001D77E4 /* VideoListView.swift in Sources */,
				7E3A7A0228B7B20300B41DC7 /* VideoModel.swift in Sources */,
				7E60565128B7D56500F9D729 /* LocationModel.swift in Sources */,
				7E60565728B8065500F9D729 /* AnimalGridItemView.swift in Sources */,
				7E52BA3228B67DCE001D77E4 /* GalleryView.swift in Sources */,
				7E3A79FA28B6C51500B41DC7 /* InsetGalleryView.swift in Sources */,
				7E52BA3D28B6AA91001D77E4 /* CodableBundleExtension.swift in Sources */,
				7E60565528B7EF4900F9D729 /* MotionAnimationView.swift in Sources */,
				7E3A79F828B6C38100B41DC7 /* HeadingView.swift in Sources */,
				7E3A7A0628B7CC6F00B41DC7 /* VideoPlayerView.swift in Sources */,
			);
			runOnlyForDeploymentPostprocessing = 0;
		};
/* End PBXSourcesBuildPhase section */

/* Begin XCBuildConfiguration section */
		7E52BA1228B67B59001D77E4 /* Debug */ = {
			isa = XCBuildConfiguration;
			buildSettings = {
				ALWAYS_SEARCH_USER_PATHS = NO;
				CLANG_ANALYZER_NONNULL = YES;
				CLANG_ANALYZER_NUMBER_OBJECT_CONVERSION = YES_AGGRESSIVE;
				CLANG_CXX_LANGUAGE_STANDARD = "gnu++17";
				CLANG_ENABLE_MODULES = YES;
				CLANG_ENABLE_OBJC_ARC = YES;
				CLANG_ENABLE_OBJC_WEAK = YES;
				CLANG_WARN_BLOCK_CAPTURE_AUTORELEASING = YES;
				CLANG_WARN_BOOL_CONVERSION = YES;
				CLANG_WARN_COMMA = YES;
				CLANG_WARN_CONSTANT_CONVERSION = YES;
				CLANG_WARN_DEPRECATED_OBJC_IMPLEMENTATIONS = YES;
				CLANG_WARN_DIRECT_OBJC_ISA_USAGE = YES_ERROR;
				CLANG_WARN_DOCUMENTATION_COMMENTS = YES;
				CLANG_WARN_EMPTY_BODY = YES;
				CLANG_WARN_ENUM_CONVERSION = YES;
				CLANG_WARN_INFINITE_RECURSION = YES;
				CLANG_WARN_INT_CONVERSION = YES;
				CLANG_WARN_NON_LITERAL_NULL_CONVERSION = YES;
				CLANG_WARN_OBJC_IMPLICIT_RETAIN_SELF = YES;
				CLANG_WARN_OBJC_LITERAL_CONVERSION = YES;
				CLANG_WARN_OBJC_ROOT_CLASS = YES_ERROR;
				CLANG_WARN_QUOTED_INCLUDE_IN_FRAMEWORK_HEADER = YES;
				CLANG_WARN_RANGE_LOOP_ANALYSIS = YES;
				CLANG_WARN_STRICT_PROTOTYPES = YES;
				CLANG_WARN_SUSPICIOUS_MOVE = YES;
				CLANG_WARN_UNGUARDED_AVAILABILITY = YES_AGGRESSIVE;
				CLANG_WARN_UNREACHABLE_CODE = YES;
				CLANG_WARN__DUPLICATE_METHOD_MATCH = YES;
				COPY_PHASE_STRIP = NO;
				DEBUG_INFORMATION_FORMAT = dwarf;
				ENABLE_STRICT_OBJC_MSGSEND = YES;
				ENABLE_TESTABILITY = YES;
				GCC_C_LANGUAGE_STANDARD = gnu11;
				GCC_DYNAMIC_NO_PIC = NO;
				GCC_NO_COMMON_BLOCKS = YES;
				GCC_OPTIMIZATION_LEVEL = 0;
				GCC_PREPROCESSOR_DEFINITIONS = (
					"DEBUG=1",
					"$(inherited)",
				);
				GCC_WARN_64_TO_32_BIT_CONVERSION = YES;
				GCC_WARN_ABOUT_RETURN_TYPE = YES_ERROR;
				GCC_WARN_UNDECLARED_SELECTOR = YES;
				GCC_WARN_UNINITIALIZED_AUTOS = YES_AGGRESSIVE;
				GCC_WARN_UNUSED_FUNCTION = YES;
				GCC_WARN_UNUSED_VARIABLE = YES;
				IPHONEOS_DEPLOYMENT_TARGET = 15.5;
				MTL_ENABLE_DEBUG_INFO = INCLUDE_SOURCE;
				MTL_FAST_MATH = YES;
				ONLY_ACTIVE_ARCH = YES;
				SDKROOT = iphoneos;
				SWIFT_ACTIVE_COMPILATION_CONDITIONS = DEBUG;
				SWIFT_OPTIMIZATION_LEVEL = "-Onone";
			};
			name = Debug;
		};
		7E52BA1328B67B59001D77E4 /* Release */ = {
			isa = XCBuildConfiguration;
			buildSettings = {
				ALWAYS_SEARCH_USER_PATHS = NO;
				CLANG_ANALYZER_NONNULL = YES;
				CLANG_ANALYZER_NUMBER_OBJECT_CONVERSION = YES_AGGRESSIVE;
				CLANG_CXX_LANGUAGE_STANDARD = "gnu++17";
				CLANG_ENABLE_MODULES = YES;
				CLANG_ENABLE_OBJC_ARC = YES;
				CLANG_ENABLE_OBJC_WEAK = YES;
				CLANG_WARN_BLOCK_CAPTURE_AUTORELEASING = YES;
				CLANG_WARN_BOOL_CONVERSION = YES;
				CLANG_WARN_COMMA = YES;
				CLANG_WARN_CONSTANT_CONVERSION = YES;
				CLANG_WARN_DEPRECATED_OBJC_IMPLEMENTATIONS = YES;
				CLANG_WARN_DIRECT_OBJC_ISA_USAGE = YES_ERROR;
				CLANG_WARN_DOCUMENTATION_COMMENTS = YES;
				CLANG_WARN_EMPTY_BODY = YES;
				CLANG_WARN_ENUM_CONVERSION = YES;
				CLANG_WARN_INFINITE_RECURSION = YES;
				CLANG_WARN_INT_CONVERSION = YES;
				CLANG_WARN_NON_LITERAL_NULL_CONVERSION = YES;
				CLANG_WARN_OBJC_IMPLICIT_RETAIN_SELF = YES;
				CLANG_WARN_OBJC_LITERAL_CONVERSION = YES;
				CLANG_WARN_OBJC_ROOT_CLASS = YES_ERROR;
				CLANG_WARN_QUOTED_INCLUDE_IN_FRAMEWORK_HEADER = YES;
				CLANG_WARN_RANGE_LOOP_ANALYSIS = YES;
				CLANG_WARN_STRICT_PROTOTYPES = YES;
				CLANG_WARN_SUSPICIOUS_MOVE = YES;
				CLANG_WARN_UNGUARDED_AVAILABILITY = YES_AGGRESSIVE;
				CLANG_WARN_UNREACHABLE_CODE = YES;
				CLANG_WARN__DUPLICATE_METHOD_MATCH = YES;
				COPY_PHASE_STRIP = NO;
				DEBUG_INFORMATION_FORMAT = "dwarf-with-dsym";
				ENABLE_NS_ASSERTIONS = NO;
				ENABLE_STRICT_OBJC_MSGSEND = YES;
				GCC_C_LANGUAGE_STANDARD = gnu11;
				GCC_NO_COMMON_BLOCKS = YES;
				GCC_WARN_64_TO_32_BIT_CONVERSION = YES;
				GCC_WARN_ABOUT_RETURN_TYPE = YES_ERROR;
				GCC_WARN_UNDECLARED_SELECTOR = YES;
				GCC_WARN_UNINITIALIZED_AUTOS = YES_AGGRESSIVE;
				GCC_WARN_UNUSED_FUNCTION = YES;
				GCC_WARN_UNUSED_VARIABLE = YES;
				IPHONEOS_DEPLOYMENT_TARGET = 15.5;
				MTL_ENABLE_DEBUG_INFO = NO;
				MTL_FAST_MATH = YES;
				SDKROOT = iphoneos;
				SWIFT_COMPILATION_MODE = wholemodule;
				SWIFT_OPTIMIZATION_LEVEL = "-O";
				VALIDATE_PRODUCT = YES;
			};
			name = Release;
		};
		7E52BA1528B67B59001D77E4 /* Debug */ = {
			isa = XCBuildConfiguration;
			buildSettings = {
				ASSETCATALOG_COMPILER_APPICON_NAME = AppIcon;
				ASSETCATALOG_COMPILER_GLOBAL_ACCENT_COLOR_NAME = AccentColor;
				CODE_SIGN_STYLE = Automatic;
				CURRENT_PROJECT_VERSION = 1;
				DEVELOPMENT_ASSET_PATHS = "\"Africa/Preview Content\"";
				ENABLE_PREVIEWS = YES;
				GENERATE_INFOPLIST_FILE = YES;
				INFOPLIST_FILE = Africa/Info.plist;
				INFOPLIST_KEY_UIApplicationSceneManifest_Generation = YES;
				INFOPLIST_KEY_UIApplicationSupportsIndirectInputEvents = YES;
				INFOPLIST_KEY_UISupportedInterfaceOrientations_iPad = "UIInterfaceOrientationPortrait UIInterfaceOrientationPortraitUpsideDown UIInterfaceOrientationLandscapeLeft UIInterfaceOrientationLandscapeRight";
				INFOPLIST_KEY_UISupportedInterfaceOrientations_iPhone = "UIInterfaceOrientationPortrait UIInterfaceOrientationLandscapeLeft UIInterfaceOrientationLandscapeRight";
				INFOPLIST_KEY_UIUserInterfaceStyle = Dark;
				LD_RUNPATH_SEARCH_PATHS = (
					"$(inherited)",
					"@executable_path/Frameworks",
				);
				MARKETING_VERSION = 1.0;
				PRODUCT_BUNDLE_IDENTIFIER = dev.aigonzalez.Africa;
				PRODUCT_NAME = "$(TARGET_NAME)";
				SWIFT_EMIT_LOC_STRINGS = YES;
				SWIFT_VERSION = 5.0;
				TARGETED_DEVICE_FAMILY = "1,2";
			};
			name = Debug;
		};
		7E52BA1628B67B59001D77E4 /* Release */ = {
			isa = XCBuildConfiguration;
			buildSettings = {
				ASSETCATALOG_COMPILER_APPICON_NAME = AppIcon;
				ASSETCATALOG_COMPILER_GLOBAL_ACCENT_COLOR_NAME = AccentColor;
				CODE_SIGN_STYLE = Automatic;
				CURRENT_PROJECT_VERSION = 1;
				DEVELOPMENT_ASSET_PATHS = "\"Africa/Preview Content\"";
				ENABLE_PREVIEWS = YES;
				GENERATE_INFOPLIST_FILE = YES;
				INFOPLIST_FILE = Africa/Info.plist;
				INFOPLIST_KEY_UIApplicationSceneManifest_Generation = YES;
				INFOPLIST_KEY_UIApplicationSupportsIndirectInputEvents = YES;
				INFOPLIST_KEY_UISupportedInterfaceOrientations_iPad = "UIInterfaceOrientationPortrait UIInterfaceOrientationPortraitUpsideDown UIInterfaceOrientationLandscapeLeft UIInterfaceOrientationLandscapeRight";
				INFOPLIST_KEY_UISupportedInterfaceOrientations_iPhone = "UIInterfaceOrientationPortrait UIInterfaceOrientationLandscapeLeft UIInterfaceOrientationLandscapeRight";
				INFOPLIST_KEY_UIUserInterfaceStyle = Dark;
				LD_RUNPATH_SEARCH_PATHS = (
					"$(inherited)",
					"@executable_path/Frameworks",
				);
				MARKETING_VERSION = 1.0;
				PRODUCT_BUNDLE_IDENTIFIER = dev.aigonzalez.Africa;
				PRODUCT_NAME = "$(TARGET_NAME)";
				SWIFT_EMIT_LOC_STRINGS = YES;
				SWIFT_VERSION = 5.0;
				TARGETED_DEVICE_FAMILY = "1,2";
			};
			name = Release;
		};
/* End XCBuildConfiguration section */

/* Begin XCConfigurationList section */
		7E52BA0128B67B58001D77E4 /* Build configuration list for PBXProject "Africa" */ = {
			isa = XCConfigurationList;
			buildConfigurations = (
				7E52BA1228B67B59001D77E4 /* Debug */,
				7E52BA1328B67B59001D77E4 /* Release */,
			);
			defaultConfigurationIsVisible = 0;
			defaultConfigurationName = Release;
		};
		7E52BA1428B67B59001D77E4 /* Build configuration list for PBXNativeTarget "Africa" */ = {
			isa = XCConfigurationList;
			buildConfigurations = (
				7E52BA1528B67B59001D77E4 /* Debug */,
				7E52BA1628B67B59001D77E4 /* Release */,
			);
			defaultConfigurationIsVisible = 0;
			defaultConfigurationName = Release;
		};
/* End XCConfigurationList section */
	};
	rootObject = 7E52B9FE28B67B58001D77E4 /* Project object */;
}
